PODS:
  - Alamofire (5.2.2)
  - Kanna (5.2.2)

DEPENDENCIES:
  - Alamofire (~> 5.2)
  - Kanna (~> 5.2.2)

SPEC REPOS:
  trunk:
    - Alamofire
    - Kanna

SPEC CHECKSUMS:
  Alamofire: 814429acc853c6c54ff123fc3d2ef66803823ce0
  Kanna: 2c4eddaaa4bfb9a1ed19e53c0b3d42ef02838046

PODFILE CHECKSUM: 9f96e950e52d6780fe02984439817ae113189eb1

COCOAPODS: 1.9.3
